
Microsoft Visual Studio Solution File, Format Version 12.00
# Visual Studio Version 17
VisualStudioVersion = 17.11.35303.130
MinimumVisualStudioVersion = 10.0.40219.1
Project("{2150E333-8FDC-42A3-9474-1A3956D46DE8}") = "Task0", "Task0", "{E3EAAD3E-BD8E-4553-AB95-22D8122250E2}"
EndProject
Project("{9A19103F-16F7-4668-BE54-9A1E7A4F7556}") = "Tyuiu.GolubevDS.Sprint1.Task0.V14", "Tyuiu.GolubevDS.Sprint1.Task0.V14\Tyuiu.GolubevDS.Sprint1.Task0.V14.csproj", "{DB9D04D9-201E-4BE7-86CE-B777C38F8C0F}"
EndProject
Project("{9A19103F-16F7-4668-BE54-9A1E7A4F7556}") = "Tyuiu.GolubevDS.Sprint1.Task0.V14.Test", "Tyuiu.GolubevDS.Sprint1.Task0.V14.Test\Tyuiu.GolubevDS.Sprint1.Task0.V14.Test.csproj", "{3ED132CD-16ED-4196-ACFF-28A954568F7A}"
EndProject
Project("{9A19103F-16F7-4668-BE54-9A1E7A4F7556}") = "Tyuiu.GolubevDS.Sprint1.Task0.V14.Lib", "Tyuiu.GolubevDS.Sprint1.Task0.V14.Lib\Tyuiu.GolubevDS.Sprint1.Task0.V14.Lib.csproj", "{4166CCF9-DF5F-485F-B3A8-9F2EB90785A5}"
EndProject
Project("{2150E333-8FDC-42A3-9474-1A3956D46DE8}") = "Task1", "Task1", "{3BB4BD4C-0453-4CA3-ABB8-69EF58708A39}"
EndProject
Project("{9A19103F-16F7-4668-BE54-9A1E7A4F7556}") = "Tyuiu.GolubevDS.Sprint1.Task1.V19", "Tyuiu.GolubevDS.Sprint1.Task1.V19\Tyuiu.GolubevDS.Sprint1.Task1.V19.csproj", "{2D163F11-9D95-4410-A85C-8044A26E2D4F}"
EndProject
Project("{9A19103F-16F7-4668-BE54-9A1E7A4F7556}") = "Tyuiu.GolubevDS.Sprint1.Task1.V19.Test", "Tyuiu.GolubevDS.Sprint1.Task1.V19.Test\Tyuiu.GolubevDS.Sprint1.Task1.V19.Test.csproj", "{7CECA6AA-3D13-40E7-9377-84566E0A5B69}"
EndProject
Project("{9A19103F-16F7-4668-BE54-9A1E7A4F7556}") = "Tyuiu.GolubevDS.Sprint1.Task1.V19.Lib", "Tyuiu.GolubevDS.Sprint1.Task1.V19.Lib\Tyuiu.GolubevDS.Sprint1.Task1.V19.Lib.csproj", "{4B8AF675-BE7C-4BAB-A39A-0D5B44074D09}"
EndProject
Project("{2150E333-8FDC-42A3-9474-1A3956D46DE8}") = "Task2", "Task2", "{FE9192BB-6639-47C5-A656-CFB1ECDD22C4}"
EndProject
Project("{9A19103F-16F7-4668-BE54-9A1E7A4F7556}") = "Tyuiu.GolubevDS.Sprint1.Task2.V29", "Tyuiu.GolubevDS.Sprint1.Task2.V29\Tyuiu.GolubevDS.Sprint1.Task2.V29.csproj", "{04361B5F-0563-43B2-B9AC-5C7D8F855D57}"
EndProject
Project("{9A19103F-16F7-4668-BE54-9A1E7A4F7556}") = "Tyuiu.GolubevDS.Sprint1.Task2.V29.Test", "Tyuiu.GolubevDS.Sprint1.Task2.V29.Test\Tyuiu.GolubevDS.Sprint1.Task2.V29.Test.csproj", "{99B73692-D450-495A-937D-887F456416BA}"
EndProject
Project("{9A19103F-16F7-4668-BE54-9A1E7A4F7556}") = "Tyuiu.GolubevDS.Sprint1.Task2.V29.Lib", "Tyuiu.GolubevDS.Sprint1.Task2.V29.Lib\Tyuiu.GolubevDS.Sprint1.Task2.V29.Lib.csproj", "{5BF8E473-5579-4411-B5F9-F61D4A9DB11A}"
EndProject
Project("{2150E333-8FDC-42A3-9474-1A3956D46DE8}") = "Task3", "Task3", "{43328097-FA91-4AE8-9128-9CBE3DA1189F}"
EndProject
Project("{9A19103F-16F7-4668-BE54-9A1E7A4F7556}") = "Tyuiu.GolubevDS.Sprint1.Task3.V4", "Tyuiu.GolubevDS.Sprint1.Task3.V4\Tyuiu.GolubevDS.Sprint1.Task3.V4.csproj", "{A2D1B51D-A883-4885-9D92-598D274C0B10}"
EndProject
Project("{9A19103F-16F7-4668-BE54-9A1E7A4F7556}") = "Tyuiu.GolubevDS.Sprint1.Task3.V4.Test", "Tyuiu.GolubevDS.Sprint1.Task3.V4.Test\Tyuiu.GolubevDS.Sprint1.Task3.V4.Test.csproj", "{E7DDBB79-B4D0-4FEA-BA87-66476E80F026}"
EndProject
Project("{9A19103F-16F7-4668-BE54-9A1E7A4F7556}") = "Tyuiu.GolubevDS.Sprint1.Task3.V4.Lib", "Tyuiu.GolubevDS.Sprint1.Task3.V4.Lib\Tyuiu.GolubevDS.Sprint1.Task3.V4.Lib.csproj", "{9BEA604E-6A24-4C73-AEA6-395168713C82}"
EndProject
Project("{2150E333-8FDC-42A3-9474-1A3956D46DE8}") = "Task4", "Task4", "{8624381C-8325-4768-B10A-2ADAB0C79F27}"
EndProject
Project("{FAE04EC0-301F-11D3-BF4B-00C04F79EFBC}") = "Tyuiu.GolubevDS.Sprint1.Task4.V25", "Tyuiu.GolubevDS.Sprint1.Task4.V25\Tyuiu.GolubevDS.Sprint1.Task4.V25.csproj", "{C0B114B4-C810-49A2-BE40-B97ED80635F6}"
EndProject
Project("{FAE04EC0-301F-11D3-BF4B-00C04F79EFBC}") = "Tyuiu.GolubevDS.Sprint1.Task4.V25.Test", "Tyuiu.GolubevDS.Sprint1.Task4.V25.Test\Tyuiu.GolubevDS.Sprint1.Task4.V25.Test.csproj", "{20495D90-64EC-4C3C-83FD-2EC6CA7EA246}"
EndProject
Project("{FAE04EC0-301F-11D3-BF4B-00C04F79EFBC}") = "Tyuiu.GolubevDS.Sprint1.Task4.V25.Lib", "Tyuiu.GolubevDS.Sprint1.Task4.V25.Lib\Tyuiu.GolubevDS.Sprint1.Task4.V25.Lib.csproj", "{9F680F98-0639-4308-85EB-FFE0FA71423C}"
EndProject
Global
	GlobalSection(SolutionConfigurationPlatforms) = preSolution
		Debug|Any CPU = Debug|Any CPU
		Release|Any CPU = Release|Any CPU
	EndGlobalSection
	GlobalSection(ProjectConfigurationPlatforms) = postSolution
		{DB9D04D9-201E-4BE7-86CE-B777C38F8C0F}.Debug|Any CPU.ActiveCfg = Debug|Any CPU
		{DB9D04D9-201E-4BE7-86CE-B777C38F8C0F}.Debug|Any CPU.Build.0 = Debug|Any CPU
		{DB9D04D9-201E-4BE7-86CE-B777C38F8C0F}.Release|Any CPU.ActiveCfg = Release|Any CPU
		{DB9D04D9-201E-4BE7-86CE-B777C38F8C0F}.Release|Any CPU.Build.0 = Release|Any CPU
		{3ED132CD-16ED-4196-ACFF-28A954568F7A}.Debug|Any CPU.ActiveCfg = Debug|Any CPU
		{3ED132CD-16ED-4196-ACFF-28A954568F7A}.Debug|Any CPU.Build.0 = Debug|Any CPU
		{3ED132CD-16ED-4196-ACFF-28A954568F7A}.Release|Any CPU.ActiveCfg = Release|Any CPU
		{3ED132CD-16ED-4196-ACFF-28A954568F7A}.Release|Any CPU.Build.0 = Release|Any CPU
		{4166CCF9-DF5F-485F-B3A8-9F2EB90785A5}.Debug|Any CPU.ActiveCfg = Debug|Any CPU
		{4166CCF9-DF5F-485F-B3A8-9F2EB90785A5}.Debug|Any CPU.Build.0 = Debug|Any CPU
		{4166CCF9-DF5F-485F-B3A8-9F2EB90785A5}.Release|Any CPU.ActiveCfg = Release|Any CPU
		{4166CCF9-DF5F-485F-B3A8-9F2EB90785A5}.Release|Any CPU.Build.0 = Release|Any CPU
		{2D163F11-9D95-4410-A85C-8044A26E2D4F}.Debug|Any CPU.ActiveCfg = Debug|Any CPU
		{2D163F11-9D95-4410-A85C-8044A26E2D4F}.Debug|Any CPU.Build.0 = Debug|Any CPU
		{2D163F11-9D95-4410-A85C-8044A26E2D4F}.Release|Any CPU.ActiveCfg = Release|Any CPU
		{2D163F11-9D95-4410-A85C-8044A26E2D4F}.Release|Any CPU.Build.0 = Release|Any CPU
		{7CECA6AA-3D13-40E7-9377-84566E0A5B69}.Debug|Any CPU.ActiveCfg = Debug|Any CPU
		{7CECA6AA-3D13-40E7-9377-84566E0A5B69}.Debug|Any CPU.Build.0 = Debug|Any CPU
		{7CECA6AA-3D13-40E7-9377-84566E0A5B69}.Release|Any CPU.ActiveCfg = Release|Any CPU
		{7CECA6AA-3D13-40E7-9377-84566E0A5B69}.Release|Any CPU.Build.0 = Release|Any CPU
		{4B8AF675-BE7C-4BAB-A39A-0D5B44074D09}.Debug|Any CPU.ActiveCfg = Debug|Any CPU
		{4B8AF675-BE7C-4BAB-A39A-0D5B44074D09}.Debug|Any CPU.Build.0 = Debug|Any CPU
		{4B8AF675-BE7C-4BAB-A39A-0D5B44074D09}.Release|Any CPU.ActiveCfg = Release|Any CPU
		{4B8AF675-BE7C-4BAB-A39A-0D5B44074D09}.Release|Any CPU.Build.0 = Release|Any CPU
		{04361B5F-0563-43B2-B9AC-5C7D8F855D57}.Debug|Any CPU.ActiveCfg = Debug|Any CPU
		{04361B5F-0563-43B2-B9AC-5C7D8F855D57}.Debug|Any CPU.Build.0 = Debug|Any CPU
		{04361B5F-0563-43B2-B9AC-5C7D8F855D57}.Release|Any CPU.ActiveCfg = Release|Any CPU
		{04361B5F-0563-43B2-B9AC-5C7D8F855D57}.Release|Any CPU.Build.0 = Release|Any CPU
		{99B73692-D450-495A-937D-887F456416BA}.Debug|Any CPU.ActiveCfg = Debug|Any CPU
		{99B73692-D450-495A-937D-887F456416BA}.Debug|Any CPU.Build.0 = Debug|Any CPU
		{99B73692-D450-495A-937D-887F456416BA}.Release|Any CPU.ActiveCfg = Release|Any CPU
		{99B73692-D450-495A-937D-887F456416BA}.Release|Any CPU.Build.0 = Release|Any CPU
		{5BF8E473-5579-4411-B5F9-F61D4A9DB11A}.Debug|Any CPU.ActiveCfg = Debug|Any CPU
		{5BF8E473-5579-4411-B5F9-F61D4A9DB11A}.Debug|Any CPU.Build.0 = Debug|Any CPU
		{5BF8E473-5579-4411-B5F9-F61D4A9DB11A}.Release|Any CPU.ActiveCfg = Release|Any CPU
		{5BF8E473-5579-4411-B5F9-F61D4A9DB11A}.Release|Any CPU.Build.0 = Release|Any CPU
		{A2D1B51D-A883-4885-9D92-598D274C0B10}.Debug|Any CPU.ActiveCfg = Debug|Any CPU
		{A2D1B51D-A883-4885-9D92-598D274C0B10}.Debug|Any CPU.Build.0 = Debug|Any CPU
		{A2D1B51D-A883-4885-9D92-598D274C0B10}.Release|Any CPU.ActiveCfg = Release|Any CPU
		{A2D1B51D-A883-4885-9D92-598D274C0B10}.Release|Any CPU.Build.0 = Release|Any CPU
		{E7DDBB79-B4D0-4FEA-BA87-66476E80F026}.Debug|Any CPU.ActiveCfg = Debug|Any CPU
		{E7DDBB79-B4D0-4FEA-BA87-66476E80F026}.Debug|Any CPU.Build.0 = Debug|Any CPU
		{E7DDBB79-B4D0-4FEA-BA87-66476E80F026}.Release|Any CPU.ActiveCfg = Release|Any CPU
		{E7DDBB79-B4D0-4FEA-BA87-66476E80F026}.Release|Any CPU.Build.0 = Release|Any CPU
		{9BEA604E-6A24-4C73-AEA6-395168713C82}.Debug|Any CPU.ActiveCfg = Debug|Any CPU
		{9BEA604E-6A24-4C73-AEA6-395168713C82}.Debug|Any CPU.Build.0 = Debug|Any CPU
		{9BEA604E-6A24-4C73-AEA6-395168713C82}.Release|Any CPU.ActiveCfg = Release|Any CPU
		{9BEA604E-6A24-4C73-AEA6-395168713C82}.Release|Any CPU.Build.0 = Release|Any CPU
		{C0B114B4-C810-49A2-BE40-B97ED80635F6}.Debug|Any CPU.ActiveCfg = Debug|Any CPU
		{C0B114B4-C810-49A2-BE40-B97ED80635F6}.Debug|Any CPU.Build.0 = Debug|Any CPU
		{C0B114B4-C810-49A2-BE40-B97ED80635F6}.Release|Any CPU.ActiveCfg = Release|Any CPU
		{C0B114B4-C810-49A2-BE40-B97ED80635F6}.Release|Any CPU.Build.0 = Release|Any CPU
		{20495D90-64EC-4C3C-83FD-2EC6CA7EA246}.Debug|Any CPU.ActiveCfg = Debug|Any CPU
		{20495D90-64EC-4C3C-83FD-2EC6CA7EA246}.Debug|Any CPU.Build.0 = Debug|Any CPU
		{20495D90-64EC-4C3C-83FD-2EC6CA7EA246}.Release|Any CPU.ActiveCfg = Release|Any CPU
		{20495D90-64EC-4C3C-83FD-2EC6CA7EA246}.Release|Any CPU.Build.0 = Release|Any CPU
		{9F680F98-0639-4308-85EB-FFE0FA71423C}.Debug|Any CPU.ActiveCfg = Debug|Any CPU
		{9F680F98-0639-4308-85EB-FFE0FA71423C}.Debug|Any CPU.Build.0 = Debug|Any CPU
		{9F680F98-0639-4308-85EB-FFE0FA71423C}.Release|Any CPU.ActiveCfg = Release|Any CPU
		{9F680F98-0639-4308-85EB-FFE0FA71423C}.Release|Any CPU.Build.0 = Release|Any CPU
	EndGlobalSection
	GlobalSection(SolutionProperties) = preSolution
		HideSolutionNode = FALSE
	EndGlobalSection
	GlobalSection(NestedProjects) = preSolution
		{DB9D04D9-201E-4BE7-86CE-B777C38F8C0F} = {E3EAAD3E-BD8E-4553-AB95-22D8122250E2}
		{3ED132CD-16ED-4196-ACFF-28A954568F7A} = {E3EAAD3E-BD8E-4553-AB95-22D8122250E2}
		{4166CCF9-DF5F-485F-B3A8-9F2EB90785A5} = {E3EAAD3E-BD8E-4553-AB95-22D8122250E2}
		{2D163F11-9D95-4410-A85C-8044A26E2D4F} = {3BB4BD4C-0453-4CA3-ABB8-69EF58708A39}
		{7CECA6AA-3D13-40E7-9377-84566E0A5B69} = {3BB4BD4C-0453-4CA3-ABB8-69EF58708A39}
		{4B8AF675-BE7C-4BAB-A39A-0D5B44074D09} = {3BB4BD4C-0453-4CA3-ABB8-69EF58708A39}
		{04361B5F-0563-43B2-B9AC-5C7D8F855D57} = {FE9192BB-6639-47C5-A656-CFB1ECDD22C4}
		{99B73692-D450-495A-937D-887F456416BA} = {FE9192BB-6639-47C5-A656-CFB1ECDD22C4}
		{5BF8E473-5579-4411-B5F9-F61D4A9DB11A} = {FE9192BB-6639-47C5-A656-CFB1ECDD22C4}
		{A2D1B51D-A883-4885-9D92-598D274C0B10} = {43328097-FA91-4AE8-9128-9CBE3DA1189F}
		{E7DDBB79-B4D0-4FEA-BA87-66476E80F026} = {43328097-FA91-4AE8-9128-9CBE3DA1189F}
		{9BEA604E-6A24-4C73-AEA6-395168713C82} = {43328097-FA91-4AE8-9128-9CBE3DA1189F}
		{C0B114B4-C810-49A2-BE40-B97ED80635F6} = {8624381C-8325-4768-B10A-2ADAB0C79F27}
		{20495D90-64EC-4C3C-83FD-2EC6CA7EA246} = {8624381C-8325-4768-B10A-2ADAB0C79F27}
		{9F680F98-0639-4308-85EB-FFE0FA71423C} = {8624381C-8325-4768-B10A-2ADAB0C79F27}
	EndGlobalSection
	GlobalSection(ExtensibilityGlobals) = postSolution
		SolutionGuid = {62713FD0-D4CD-4C6C-85C2-6710A4F860BA}
	EndGlobalSection
EndGlobal
